{
  "pins" : [
    {
      "identity" : "openai",
      "kind" : "remoteSourceControl",
      "location" : "https://github.com/MacPaw/OpenAI",
      "state" : {
        "revision" : "ac5892fd0de8d283362ddc30f8e9f1a0eaba8cc0",
        "version" : "0.2.5"
      }
    },
    {
      "identity" : "swiftwhisper?tab=readme-ov-file",
      "kind" : "remoteSourceControl",
      "location" : "https://github.com/exPHAT/SwiftWhisper?tab=readme-ov-file",
      "state" : {
        "revision" : "a192004db08de7c6eaa169eede77f1625e7d23fb",
        "version" : "1.2.0"
      }
    }
  ],
  "version" : 2
}
